
Microsoft Visual Studio Solution File, Format Version 12.00
# Visual Studio 15
VisualStudioVersion = 15.0.28010.2016
MinimumVisualStudioVersion = 10.0.40219.1
Project("{FAE04EC0-301F-11D3-BF4B-00C04F79EFBC}") = "Project1", "Project1\Project1.csproj", "{5D1960F9-9BEF-497E-BF9A-5DC090EDB9D5}"
EndProject
Global
	GlobalSection(SolutionConfigurationPlatforms) = preSolution
		Debug|Any CPU = Debug|Any CPU
		Release|Any CPU = Release|Any CPU
	EndGlobalSection
	GlobalSection(ProjectConfigurationPlatforms) = postSolution
		{5D1960F9-9BEF-497E-BF9A-5DC090EDB9D5}.Debug|Any CPU.ActiveCfg = Debug|Any CPU
		{5D1960F9-9BEF-497E-BF9A-5DC090EDB9D5}.Debug|Any CPU.Build.0 = Debug|Any CPU
		{5D1960F9-9BEF-497E-BF9A-5DC090EDB9D5}.Release|Any CPU.ActiveCfg = Release|Any CPU
		{5D1960F9-9BEF-497E-BF9A-5DC090EDB9D5}.Release|Any CPU.Build.0 = Release|Any CPU
	EndGlobalSection
	GlobalSection(SolutionProperties) = preSolution
		HideSolutionNode = FALSE
	EndGlobalSection
	GlobalSection(ExtensibilityGlobals) = postSolution
		SolutionGuid = {9AD532FE-0664-48D4-AFE9-2DD3B356A62B}
	EndGlobalSection
EndGlobal
